
Microsoft Visual Studio Solution File, Format Version 12.00
# Visual Studio 14
VisualStudioVersion = 14.0.25420.1
MinimumVisualStudioVersion = 10.0.40219.1
Project("{FAE04EC0-301F-11D3-BF4B-00C04F79EFBC}") = "ST.Common.Security.Library", "ST.Common.Security.Library\ST.Common.Security.Library.csproj", "{AE5A9A37-B3B9-406F-8E82-15C0C42D4D2B}"
EndProject
Project("{FAE04EC0-301F-11D3-BF4B-00C04F79EFBC}") = "ST.Common.ErrorLogger", "ST.Common.ErrorLogger\ST.Common.ErrorLogger.csproj", "{E21B676A-F642-40D1-82B1-CB3D79BF3140}"
EndProject
Project("{FAE04EC0-301F-11D3-BF4B-00C04F79EFBC}") = "ST.UserManagement.WebApi", "ST.Chitipata.WebApi\ST.UserManagement.WebApi.csproj", "{259B85F8-D33C-46EE-AEAC-F3B2D284CD07}"
EndProject
Global
	GlobalSection(SolutionConfigurationPlatforms) = preSolution
		Debug|Any CPU = Debug|Any CPU
		Release|Any CPU = Release|Any CPU
	EndGlobalSection
	GlobalSection(ProjectConfigurationPlatforms) = postSolution
		{AE5A9A37-B3B9-406F-8E82-15C0C42D4D2B}.Debug|Any CPU.ActiveCfg = Debug|Any CPU
		{AE5A9A37-B3B9-406F-8E82-15C0C42D4D2B}.Debug|Any CPU.Build.0 = Debug|Any CPU
		{AE5A9A37-B3B9-406F-8E82-15C0C42D4D2B}.Release|Any CPU.ActiveCfg = Release|Any CPU
		{AE5A9A37-B3B9-406F-8E82-15C0C42D4D2B}.Release|Any CPU.Build.0 = Release|Any CPU
		{E21B676A-F642-40D1-82B1-CB3D79BF3140}.Debug|Any CPU.ActiveCfg = Debug|Any CPU
		{E21B676A-F642-40D1-82B1-CB3D79BF3140}.Debug|Any CPU.Build.0 = Debug|Any CPU
		{E21B676A-F642-40D1-82B1-CB3D79BF3140}.Release|Any CPU.ActiveCfg = Release|Any CPU
		{E21B676A-F642-40D1-82B1-CB3D79BF3140}.Release|Any CPU.Build.0 = Release|Any CPU
		{259B85F8-D33C-46EE-AEAC-F3B2D284CD07}.Debug|Any CPU.ActiveCfg = Debug|Any CPU
		{259B85F8-D33C-46EE-AEAC-F3B2D284CD07}.Debug|Any CPU.Build.0 = Debug|Any CPU
		{259B85F8-D33C-46EE-AEAC-F3B2D284CD07}.Release|Any CPU.ActiveCfg = Release|Any CPU
		{259B85F8-D33C-46EE-AEAC-F3B2D284CD07}.Release|Any CPU.Build.0 = Release|Any CPU
	EndGlobalSection
	GlobalSection(SolutionProperties) = preSolution
		HideSolutionNode = FALSE
	EndGlobalSection
EndGlobal
